{
  "version": 4,
  "terraform_version": "1.7.3",
  "serial": 74,
  "lineage": "73eadead-fa9a-3718-bcd9-5ecc6aaac933",
  "outputs": {
    "developer": {
      "value": "yes",
      "type": "string"
    }
  },
  "resources": [
    {
      "mode": "managed",
      "type": "docker_container",
      "name": "nginx",
      "provider": "provider[\"registry.terraform.io/kreuzwerker/docker\"]",
      "instances": [
        {
          "schema_version": 2,
          "attributes": {
            "attach": false,
            "bridge": "",
            "capabilities": [],
            "command": [
              "nginx",
              "-g",
              "daemon off;"
            ],
            "container_logs": null,
            "cpu_set": "",
            "cpu_shares": 0,
            "destroy_grace_seconds": null,
            "devices": [],
            "dns": [],
            "dns_opts": [],
            "dns_search": [],
            "domainname": "",
            "entrypoint": [
              "/docker-entrypoint.sh"
            ],
            "env": [],
            "exit_code": null,
            "gateway": "172.17.0.1",
            "gpus": null,
            "group_add": [],
            "healthcheck": [],
            "host": [],
            "hostname": "30099e2d230b",
            "id": "30099e2d230b8ebde1454f6e5e5bee67ec14c5e626b8633cc7b28dfee109547d",
            "image": "sha256:a8758716bb6aa4d90071160d27028fe4eaee7ce8166221a97d30440c8eac2be6",
            "init": false,
            "ip_address": "172.17.0.2",
            "ip_prefix_length": 16,
            "ipc_mode": "private",
            "labels": [],
            "links": [],
            "log_driver": "json-file",
            "log_opts": {},
            "logs": false,
            "max_retry_count": 0,
            "memory": 0,
            "memory_swap": 0,
            "mounts": [],
            "must_run": true,
            "name": "nginx-tf",
            "network_alias": null,
            "network_data": [
              {
                "gateway": "172.17.0.1",
                "global_ipv6_address": "",
                "global_ipv6_prefix_length": 0,
                "ip_address": "172.17.0.2",
                "ip_prefix_length": 16,
                "ipv6_gateway": "",
                "network_name": "bridge"
              }
            ],
            "network_mode": "default",
            "networks": null,
            "networks_advanced": [],
            "pid_mode": "",
            "ports": [
              {
                "external": 80,
                "internal": 80,
                "ip": "0.0.0.0",
                "protocol": "tcp"
              }
            ],
            "privileged": false,
            "publish_all_ports": false,
            "read_only": false,
            "remove_volumes": true,
            "restart": "no",
            "rm": false,
            "runtime": "runc",
            "security_opts": [],
            "shm_size": 64,
            "start": true,
            "stdin_open": false,
            "stop_signal": "SIGQUIT",
            "stop_timeout": 0,
            "storage_opts": {},
            "sysctls": {},
            "tmpfs": {},
            "tty": false,
            "ulimit": [],
            "upload": [],
            "user": "",
            "userns_mode": "",
            "volumes": [],
            "working_dir": ""
          },
          "sensitive_attributes": [],
          "private": "eyJzY2hlbWFfdmVyc2lvbiI6IjIifQ==",
          "dependencies": [
            "docker_image.nginx"
          ]
        }
      ]
    },
    {
      "mode": "managed",
      "type": "docker_image",
      "name": "nginx",
      "provider": "provider[\"registry.terraform.io/kreuzwerker/docker\"]",
      "instances": [
        {
          "schema_version": 0,
          "attributes": {
            "build": [],
            "force_remove": null,
            "id": "sha256:a8758716bb6aa4d90071160d27028fe4eaee7ce8166221a97d30440c8eac2be6nginx:latest",
            "image_id": "sha256:a8758716bb6aa4d90071160d27028fe4eaee7ce8166221a97d30440c8eac2be6",
            "keep_locally": false,
            "latest": "sha256:a8758716bb6aa4d90071160d27028fe4eaee7ce8166221a97d30440c8eac2be6",
            "name": "nginx:latest",
            "output": null,
            "pull_trigger": null,
            "pull_triggers": null,
            "repo_digest": "nginx@sha256:4c0fdaa8b6341bfdeca5f18f7837462c80cff90527ee35ef185571e1c327beac",
            "triggers": null
          },
          "sensitive_attributes": [],
          "private": "bnVsbA=="
        }
      ]
    },
    {
      "mode": "managed",
      "type": "local_file",
      "name": "dev",
      "provider": "provider[\"registry.terraform.io/hashicorp/local\"]",
      "instances": [
        {
          "schema_version": 0,
          "attributes": {
            "content": "good luck variable content2",
            "content_base64": null,
            "content_base64sha256": "MPcvsf8x3V+h+siQs0cM9A/jCr+fNL8SBPpKthQuy9M=",
            "content_base64sha512": "1wgPF14+LM/EkeIldv3pbrGj5jzbDXjJ3nIoz5eJbuyEYJE/xUxPfF03CcutIC26v3g1cdy8Rn4oFlfdJWqvwg==",
            "content_md5": "952ae3b786f8ac4e826816ff4e53910f",
            "content_sha1": "8120c6c4ea806ae95b8a249fd8656093e019b7dc",
            "content_sha256": "30f72fb1ff31dd5fa1fac890b3470cf40fe30abf9f34bf1204fa4ab6142ecbd3",
            "content_sha512": "d7080f175e3e2ccfc491e22576fde96eb1a3e63cdb0d78c9de7228cf97896eec8460913fc54c4f7c5d3709cbad202dbabf783571dcbc467e281657dd256aafc2",
            "directory_permission": "0777",
            "file_permission": "0777",
            "filename": "/mnt/e/demo/terraform/deve.txt",
            "id": "8120c6c4ea806ae95b8a249fd8656093e019b7dc",
            "sensitive_content": null,
            "source": null
          },
          "sensitive_attributes": []
        }
      ]
    },
    {
      "mode": "managed",
      "type": "local_file",
      "name": "devops",
      "provider": "provider[\"registry.terraform.io/hashicorp/local\"]",
      "instances": [
        {
          "schema_version": 0,
          "attributes": {
            "content": "good luck variable content1",
            "content_base64": null,
            "content_base64sha256": "9f3gOe2kO1FllMgtnChOe8IbbkY20AIaciUVeLTFufY=",
            "content_base64sha512": "tNP11yt6llV8Z3GvyQPIOjwS23MKY89uDu3Jd0WtRaAw9PTwDSq53wPZFZCjY70HvV9bwg/wqyS7QRqfzXemmA==",
            "content_md5": "be39422d816544ba0f2f5ef426da0068",
            "content_sha1": "07b768a3383153196d99d26120546d7b7067de20",
            "content_sha256": "f5fde039eda43b516594c82d9c284e7bc21b6e4636d0021a72251578b4c5b9f6",
            "content_sha512": "b4d3f5d72b7a96557c6771afc903c83a3c12db730a63cf6e0eedc97745ad45a030f4f4f00d2ab9df03d91590a363bd07bd5f5bc20ff0ab24bb411a9fcd77a698",
            "directory_permission": "0777",
            "file_permission": "0777",
            "filename": "/mnt/e/demo/terraform/deve.txt",
            "id": "07b768a3383153196d99d26120546d7b7067de20",
            "sensitive_content": null,
            "source": null
          },
          "sensitive_attributes": []
        }
      ]
    },
    {
      "mode": "managed",
      "type": "null_resource",
      "name": "create_folder",
      "provider": "provider[\"registry.terraform.io/hashicorp/null\"]",
      "instances": [
        {
          "schema_version": 0,
          "attributes": {
            "id": "5498887418033660281",
            "triggers": {
              "always_run": "2024-02-13T16:59:24Z"
            }
          },
          "sensitive_attributes": []
        }
      ]
    }
  ],
  "check_results": null
}
